
Microsoft Visual Studio Solution File, Format Version 12.00
# Visual Studio Version 16
VisualStudioVersion = 16.0.29201.188
MinimumVisualStudioVersion = 10.0.40219.1
Project("{FAE04EC0-301F-11D3-BF4B-00C04F79EFBC}") = "MeusLivros", "MeusLivros\MeusLivros.csproj", "{C91715BC-3B39-4717-BE1C-3B15EBFCE665}"
EndProject
Global
	GlobalSection(SolutionConfigurationPlatforms) = preSolution
		Debug|Any CPU = Debug|Any CPU
		Release|Any CPU = Release|Any CPU
	EndGlobalSection
	GlobalSection(ProjectConfigurationPlatforms) = postSolution
		{C91715BC-3B39-4717-BE1C-3B15EBFCE665}.Debug|Any CPU.ActiveCfg = Debug|Any CPU
		{C91715BC-3B39-4717-BE1C-3B15EBFCE665}.Debug|Any CPU.Build.0 = Debug|Any CPU
		{C91715BC-3B39-4717-BE1C-3B15EBFCE665}.Release|Any CPU.ActiveCfg = Release|Any CPU
		{C91715BC-3B39-4717-BE1C-3B15EBFCE665}.Release|Any CPU.Build.0 = Release|Any CPU
	EndGlobalSection
	GlobalSection(SolutionProperties) = preSolution
		HideSolutionNode = FALSE
	EndGlobalSection
	GlobalSection(ExtensibilityGlobals) = postSolution
		SolutionGuid = {716D86CD-7A89-445F-824A-5B99AD76D4C3}
	EndGlobalSection
EndGlobal
